
Microsoft Visual Studio Solution File, Format Version 12.00
# Visual Studio Version 17
VisualStudioVersion = 17.9.34728.123
MinimumVisualStudioVersion = 10.0.40219.1
Project("{9A19103F-16F7-4668-BE54-9A1E7A4F7556}") = "tournament-manager-backend", "tournament-manager-backend\tournament-manager-backend.csproj", "{2FA50E9C-1E8F-40A7-86BF-732A6FB25AF9}"
EndProject
Global
	GlobalSection(SolutionConfigurationPlatforms) = preSolution
		Debug|Any CPU = Debug|Any CPU
		Release|Any CPU = Release|Any CPU
	EndGlobalSection
	GlobalSection(ProjectConfigurationPlatforms) = postSolution
		{2FA50E9C-1E8F-40A7-86BF-732A6FB25AF9}.Debug|Any CPU.ActiveCfg = Debug|Any CPU
		{2FA50E9C-1E8F-40A7-86BF-732A6FB25AF9}.Debug|Any CPU.Build.0 = Debug|Any CPU
		{2FA50E9C-1E8F-40A7-86BF-732A6FB25AF9}.Release|Any CPU.ActiveCfg = Release|Any CPU
		{2FA50E9C-1E8F-40A7-86BF-732A6FB25AF9}.Release|Any CPU.Build.0 = Release|Any CPU
	EndGlobalSection
	GlobalSection(SolutionProperties) = preSolution
		HideSolutionNode = FALSE
	EndGlobalSection
	GlobalSection(ExtensibilityGlobals) = postSolution
		SolutionGuid = {6A764884-27B5-4E1C-B1E4-2D42B43987AD}
	EndGlobalSection
EndGlobal
